schema: '2.0'
stages:
  prepare:
    cmd: python -m src.prepare
    deps:
    - path: data/raw/california_housing.csv
      hash: md5
      md5: fa9fe4cf24f70b69ac65fb33062ddf34
      size: 1915795
    - path: src/config.py
      hash: md5
      md5: e3143bb92da9ce1703d28f61ee3c9f58
      size: 1236
    - path: src/prepare.py
      hash: md5
      md5: f44d9896bdd5fb89af4e93ef2b1b4b2f
      size: 1299
    params:
      configs/params.yaml:
        data.raw_path: data/raw/california_housing.csv
        seed: 42
        split.test_size: 0.2
    outs:
    - path: data/processed/test.csv
      hash: md5
      md5: a489c05f398234f7e308988cc5647fb5
      size: 381516
    - path: data/processed/train.csv
      hash: md5
      md5: aee62e66e0244752512958031858ad16
      size: 1528660
  train:
    cmd: python -m src.modeling.train
    deps:
    - path: data/processed/train.csv
      hash: md5
      md5: aee62e66e0244752512958031858ad16
      size: 1528660
    - path: src/config.py
      hash: md5
      md5: e3143bb92da9ce1703d28f61ee3c9f58
      size: 1236
    - path: src/modeling/train.py
      hash: md5
      md5: 1a4a6b8cbb9ecaaeaad9d404bf8c6a41
      size: 1639
    params:
      configs/params.yaml:
        data.target: MedHouseVal
        seed: 42
        train:
          model: random_forest
          n_estimators: 100
          max_depth: 6
          model_path: models/model.joblib
    outs:
    - path: models/model.joblib
      hash: md5
      md5: e71792d26e0188f3d79da1be7cdcd352
      size: 936737
  evaluate:
    cmd: python -m src.modeling.evaluate
    deps:
    - path: data/processed/test.csv
      hash: md5
      md5: a489c05f398234f7e308988cc5647fb5
      size: 381516
    - path: models/model.joblib
      hash: md5
      md5: e71792d26e0188f3d79da1be7cdcd352
      size: 936737
    - path: src/config.py
      hash: md5
      md5: e3143bb92da9ce1703d28f61ee3c9f58
      size: 1236
    - path: src/modeling/evaluate.py
      hash: md5
      md5: 6c6e24805f61e1ebf366fa7d047cd323
      size: 1879
    params:
      configs/params.yaml:
        data.target: MedHouseVal
    outs:
    - path: metrics.json
      hash: md5
      md5: b2f66de6fe819e2828b88fbc081fcf5b
      size: 152
